PODS:
  - Alamofire (5.4.1)
  - IQKeyboardManager (6.5.6)
  - KeychainAccess (4.2.2)
  - Kingfisher (6.2.1)
  - SnapKit (5.0.1)
  - SwiftGen (6.4.0)

DEPENDENCIES:
  - Alamofire
  - IQKeyboardManager
  - KeychainAccess
  - Kingfisher
  - SnapKit (~> 5.0.0)
  - SwiftGen

SPEC REPOS:
  trunk:
    - Alamofire
    - IQKeyboardManager
    - KeychainAccess
    - Kingfisher
    - SnapKit
    - SwiftGen

SPEC CHECKSUMS:
  Alamofire: 2291f7d21ca607c491dd17642e5d40fdcda0e65c
  IQKeyboardManager: 2a6e97afdafc7becf0cb17a9a8d795e3a980717f
  KeychainAccess: c0c4f7f38f6fc7bbe58f5702e25f7bd2f65abf51
  Kingfisher: e71c6fac2aebb1262888cabc2cb13d313362a48f
  SnapKit: 97b92857e3df3a0c71833cce143274bf6ef8e5eb
  SwiftGen: 67860cc7c3cfc2ed25b9b74cfd55495fc89f9108

PODFILE CHECKSUM: 4adf82d057508e477e35b92d88d61e5a5dc2a9bd

COCOAPODS: 1.10.1
